
Microsoft Visual Studio Solution File, Format Version 12.00
# Visual Studio Version 16
VisualStudioVersion = 16.0.30128.74
MinimumVisualStudioVersion = 10.0.40219.1
Project("{FAE04EC0-301F-11D3-BF4B-00C04F79EFBC}") = "ClickerCore", "ClickerCore\ClickerCore.csproj", "{6ACECA08-2D76-44D9-8AD1-8A2FA712D152}"
EndProject
Project("{FAE04EC0-301F-11D3-BF4B-00C04F79EFBC}") = "ClickerRunner", "ClickerRunner\ClickerRunner.csproj", "{558DAB04-42CB-4853-9F9C-21BFEC2AB1C3}"
EndProject
Global
	GlobalSection(SolutionConfigurationPlatforms) = preSolution
		Debug|Any CPU = Debug|Any CPU
		Release|Any CPU = Release|Any CPU
	EndGlobalSection
	GlobalSection(ProjectConfigurationPlatforms) = postSolution
		{6ACECA08-2D76-44D9-8AD1-8A2FA712D152}.Debug|Any CPU.ActiveCfg = Debug|Any CPU
		{6ACECA08-2D76-44D9-8AD1-8A2FA712D152}.Debug|Any CPU.Build.0 = Debug|Any CPU
		{6ACECA08-2D76-44D9-8AD1-8A2FA712D152}.Release|Any CPU.ActiveCfg = Release|Any CPU
		{6ACECA08-2D76-44D9-8AD1-8A2FA712D152}.Release|Any CPU.Build.0 = Release|Any CPU
		{558DAB04-42CB-4853-9F9C-21BFEC2AB1C3}.Debug|Any CPU.ActiveCfg = Debug|Any CPU
		{558DAB04-42CB-4853-9F9C-21BFEC2AB1C3}.Debug|Any CPU.Build.0 = Debug|Any CPU
		{558DAB04-42CB-4853-9F9C-21BFEC2AB1C3}.Release|Any CPU.ActiveCfg = Release|Any CPU
		{558DAB04-42CB-4853-9F9C-21BFEC2AB1C3}.Release|Any CPU.Build.0 = Release|Any CPU
	EndGlobalSection
	GlobalSection(SolutionProperties) = preSolution
		HideSolutionNode = FALSE
	EndGlobalSection
	GlobalSection(ExtensibilityGlobals) = postSolution
		SolutionGuid = {D6308C0F-ABF2-4C37-94E7-9F43E029628B}
	EndGlobalSection
EndGlobal
